
Microsoft Visual Studio Solution File, Format Version 12.00
# Visual Studio Version 16
VisualStudioVersion = 16.0.29905.134
MinimumVisualStudioVersion = 10.0.40219.1
Project("{FAE04EC0-301F-11D3-BF4B-00C04F79EFBC}") = "HelloAjax", "HelloAjax\HelloAjax.csproj", "{10D6BBA0-BC05-4F4D-A7DB-8A23BA85A9EE}"
EndProject
Global
	GlobalSection(SolutionConfigurationPlatforms) = preSolution
		Debug|Any CPU = Debug|Any CPU
		Release|Any CPU = Release|Any CPU
	EndGlobalSection
	GlobalSection(ProjectConfigurationPlatforms) = postSolution
		{10D6BBA0-BC05-4F4D-A7DB-8A23BA85A9EE}.Debug|Any CPU.ActiveCfg = Debug|Any CPU
		{10D6BBA0-BC05-4F4D-A7DB-8A23BA85A9EE}.Debug|Any CPU.Build.0 = Debug|Any CPU
		{10D6BBA0-BC05-4F4D-A7DB-8A23BA85A9EE}.Release|Any CPU.ActiveCfg = Release|Any CPU
		{10D6BBA0-BC05-4F4D-A7DB-8A23BA85A9EE}.Release|Any CPU.Build.0 = Release|Any CPU
	EndGlobalSection
	GlobalSection(SolutionProperties) = preSolution
		HideSolutionNode = FALSE
	EndGlobalSection
	GlobalSection(ExtensibilityGlobals) = postSolution
		SolutionGuid = {8921310C-E4CA-469E-886B-2DA16D0043C2}
	EndGlobalSection
EndGlobal
