
Microsoft Visual Studio Solution File, Format Version 12.00
# Visual Studio Version 16
VisualStudioVersion = 16.0.29911.98
MinimumVisualStudioVersion = 10.0.40219.1
Project("{FAE04EC0-301F-11D3-BF4B-00C04F79EFBC}") = "HelloBlazorServer", "HelloBlazorServer\HelloBlazorServer.csproj", "{7CA9133C-3CC9-410A-8A6C-FD90D12D08D1}"
EndProject
Global
	GlobalSection(SolutionConfigurationPlatforms) = preSolution
		Debug|Any CPU = Debug|Any CPU
		Release|Any CPU = Release|Any CPU
	EndGlobalSection
	GlobalSection(ProjectConfigurationPlatforms) = postSolution
		{7CA9133C-3CC9-410A-8A6C-FD90D12D08D1}.Debug|Any CPU.ActiveCfg = Debug|Any CPU
		{7CA9133C-3CC9-410A-8A6C-FD90D12D08D1}.Debug|Any CPU.Build.0 = Debug|Any CPU
		{7CA9133C-3CC9-410A-8A6C-FD90D12D08D1}.Release|Any CPU.ActiveCfg = Release|Any CPU
		{7CA9133C-3CC9-410A-8A6C-FD90D12D08D1}.Release|Any CPU.Build.0 = Release|Any CPU
	EndGlobalSection
	GlobalSection(SolutionProperties) = preSolution
		HideSolutionNode = FALSE
	EndGlobalSection
	GlobalSection(ExtensibilityGlobals) = postSolution
		SolutionGuid = {EB689CA1-D96C-4315-881B-CA71824FC98B}
	EndGlobalSection
EndGlobal
