
Microsoft Visual Studio Solution File, Format Version 12.00
# Visual Studio Version 16
VisualStudioVersion = 16.0.29905.134
MinimumVisualStudioVersion = 10.0.40219.1
Project("{9A19103F-16F7-4668-BE54-9A1E7A4F7556}") = "bzSignalR", "bzSignalR\bzSignalR.csproj", "{5020E580-F202-4000-B447-CA4719C7218E}"
EndProject
Project("{9A19103F-16F7-4668-BE54-9A1E7A4F7556}") = "ConsoleSignalRClient", "ConsoleSignalRClient\ConsoleSignalRClient.csproj", "{EFED53C4-5F84-45CB-A122-35E50F57277E}"
EndProject
Project("{FAE04EC0-301F-11D3-BF4B-00C04F79EFBC}") = "WPFSignalRClient", "WPFSignalRClient\WPFSignalRClient.csproj", "{78F3B999-6076-4D5D-B192-625BCF502187}"
EndProject
Global
	GlobalSection(SolutionConfigurationPlatforms) = preSolution
		Debug|Any CPU = Debug|Any CPU
		Release|Any CPU = Release|Any CPU
	EndGlobalSection
	GlobalSection(ProjectConfigurationPlatforms) = postSolution
		{5020E580-F202-4000-B447-CA4719C7218E}.Debug|Any CPU.ActiveCfg = Debug|Any CPU
		{5020E580-F202-4000-B447-CA4719C7218E}.Debug|Any CPU.Build.0 = Debug|Any CPU
		{5020E580-F202-4000-B447-CA4719C7218E}.Release|Any CPU.ActiveCfg = Release|Any CPU
		{5020E580-F202-4000-B447-CA4719C7218E}.Release|Any CPU.Build.0 = Release|Any CPU
		{EFED53C4-5F84-45CB-A122-35E50F57277E}.Debug|Any CPU.ActiveCfg = Debug|Any CPU
		{EFED53C4-5F84-45CB-A122-35E50F57277E}.Debug|Any CPU.Build.0 = Debug|Any CPU
		{EFED53C4-5F84-45CB-A122-35E50F57277E}.Release|Any CPU.ActiveCfg = Release|Any CPU
		{EFED53C4-5F84-45CB-A122-35E50F57277E}.Release|Any CPU.Build.0 = Release|Any CPU
		{78F3B999-6076-4D5D-B192-625BCF502187}.Debug|Any CPU.ActiveCfg = Debug|Any CPU
		{78F3B999-6076-4D5D-B192-625BCF502187}.Debug|Any CPU.Build.0 = Debug|Any CPU
		{78F3B999-6076-4D5D-B192-625BCF502187}.Release|Any CPU.ActiveCfg = Release|Any CPU
		{78F3B999-6076-4D5D-B192-625BCF502187}.Release|Any CPU.Build.0 = Release|Any CPU
	EndGlobalSection
	GlobalSection(SolutionProperties) = preSolution
		HideSolutionNode = FALSE
	EndGlobalSection
	GlobalSection(ExtensibilityGlobals) = postSolution
		SolutionGuid = {11694229-05E5-4327-A8F1-755C49D28558}
	EndGlobalSection
EndGlobal
