
Microsoft Visual Studio Solution File, Format Version 12.00
# Visual Studio Version 16
VisualStudioVersion = 16.0.29905.134
MinimumVisualStudioVersion = 10.0.40219.1
Project("{FAE04EC0-301F-11D3-BF4B-00C04F79EFBC}") = "HelloMVCCore", "HelloMVCCore\HelloMVCCore.csproj", "{B8736EE0-8B1B-4793-9627-8F83FAFB1B09}"
EndProject
Global
	GlobalSection(SolutionConfigurationPlatforms) = preSolution
		Debug|Any CPU = Debug|Any CPU
		Release|Any CPU = Release|Any CPU
	EndGlobalSection
	GlobalSection(ProjectConfigurationPlatforms) = postSolution
		{B8736EE0-8B1B-4793-9627-8F83FAFB1B09}.Debug|Any CPU.ActiveCfg = Debug|Any CPU
		{B8736EE0-8B1B-4793-9627-8F83FAFB1B09}.Debug|Any CPU.Build.0 = Debug|Any CPU
		{B8736EE0-8B1B-4793-9627-8F83FAFB1B09}.Release|Any CPU.ActiveCfg = Release|Any CPU
		{B8736EE0-8B1B-4793-9627-8F83FAFB1B09}.Release|Any CPU.Build.0 = Release|Any CPU
	EndGlobalSection
	GlobalSection(SolutionProperties) = preSolution
		HideSolutionNode = FALSE
	EndGlobalSection
	GlobalSection(ExtensibilityGlobals) = postSolution
		SolutionGuid = {88E0D719-24FF-4C7B-AB42-1D8513118077}
	EndGlobalSection
EndGlobal
